
Microsoft Visual Studio Solution File, Format Version 12.00
# Visual Studio Version 16
VisualStudioVersion = 16.0.31025.194
MinimumVisualStudioVersion = 10.0.40219.1
Project("{FAE04EC0-301F-11D3-BF4B-00C04F79EFBC}") = "8. Atividade Spider 2", "8. Atividade Spider 2\8. Atividade Spider 2.csproj", "{1D60069E-CA60-4501-A4E7-46CD44F96116}"
EndProject
Global
	GlobalSection(SolutionConfigurationPlatforms) = preSolution
		Debug|Any CPU = Debug|Any CPU
		Release|Any CPU = Release|Any CPU
	EndGlobalSection
	GlobalSection(ProjectConfigurationPlatforms) = postSolution
		{1D60069E-CA60-4501-A4E7-46CD44F96116}.Debug|Any CPU.ActiveCfg = Debug|Any CPU
		{1D60069E-CA60-4501-A4E7-46CD44F96116}.Debug|Any CPU.Build.0 = Debug|Any CPU
		{1D60069E-CA60-4501-A4E7-46CD44F96116}.Release|Any CPU.ActiveCfg = Release|Any CPU
		{1D60069E-CA60-4501-A4E7-46CD44F96116}.Release|Any CPU.Build.0 = Release|Any CPU
	EndGlobalSection
	GlobalSection(SolutionProperties) = preSolution
		HideSolutionNode = FALSE
	EndGlobalSection
	GlobalSection(ExtensibilityGlobals) = postSolution
		SolutionGuid = {D24CB717-EFF1-4E66-B33A-760ED2B1B709}
	EndGlobalSection
EndGlobal
